
Microsoft Visual Studio Solution File, Format Version 12.00
# Visual Studio Version 16
VisualStudioVersion = 16.0.31019.35
MinimumVisualStudioVersion = 10.0.40219.1
Project("{FAE04EC0-301F-11D3-BF4B-00C04F79EFBC}") = "NoMo.Android", "NoMo\NoMo.Android\NoMo.Android.csproj", "{510D063D-E6A2-415F-9326-8B59618C0A09}"
EndProject
Project("{FAE04EC0-301F-11D3-BF4B-00C04F79EFBC}") = "NoMo.iOS", "NoMo\NoMo.iOS\NoMo.iOS.csproj", "{7DB7EA8E-7611-45C5-8D8A-B05F3F1244DD}"
EndProject
Project("{FAE04EC0-301F-11D3-BF4B-00C04F79EFBC}") = "NoMo", "NoMo\NoMo\NoMo.csproj", "{FF6D7F05-497B-4AD6-95C4-D826052D1E1D}"
EndProject
Global
	GlobalSection(SolutionConfigurationPlatforms) = preSolution
		Debug|Any CPU = Debug|Any CPU
		Debug|iPhone = Debug|iPhone
		Debug|iPhoneSimulator = Debug|iPhoneSimulator
		Release|Any CPU = Release|Any CPU
		Release|iPhone = Release|iPhone
		Release|iPhoneSimulator = Release|iPhoneSimulator
	EndGlobalSection
	GlobalSection(ProjectConfigurationPlatforms) = postSolution
		{510D063D-E6A2-415F-9326-8B59618C0A09}.Debug|Any CPU.ActiveCfg = Debug|Any CPU
		{510D063D-E6A2-415F-9326-8B59618C0A09}.Debug|Any CPU.Build.0 = Debug|Any CPU
		{510D063D-E6A2-415F-9326-8B59618C0A09}.Debug|Any CPU.Deploy.0 = Debug|Any CPU
		{510D063D-E6A2-415F-9326-8B59618C0A09}.Debug|iPhone.ActiveCfg = Debug|Any CPU
		{510D063D-E6A2-415F-9326-8B59618C0A09}.Debug|iPhone.Build.0 = Debug|Any CPU
		{510D063D-E6A2-415F-9326-8B59618C0A09}.Debug|iPhone.Deploy.0 = Debug|Any CPU
		{510D063D-E6A2-415F-9326-8B59618C0A09}.Debug|iPhoneSimulator.ActiveCfg = Debug|Any CPU
		{510D063D-E6A2-415F-9326-8B59618C0A09}.Debug|iPhoneSimulator.Build.0 = Debug|Any CPU
		{510D063D-E6A2-415F-9326-8B59618C0A09}.Debug|iPhoneSimulator.Deploy.0 = Debug|Any CPU
		{510D063D-E6A2-415F-9326-8B59618C0A09}.Release|Any CPU.ActiveCfg = Release|Any CPU
		{510D063D-E6A2-415F-9326-8B59618C0A09}.Release|Any CPU.Build.0 = Release|Any CPU
		{510D063D-E6A2-415F-9326-8B59618C0A09}.Release|Any CPU.Deploy.0 = Release|Any CPU
		{510D063D-E6A2-415F-9326-8B59618C0A09}.Release|iPhone.ActiveCfg = Release|Any CPU
		{510D063D-E6A2-415F-9326-8B59618C0A09}.Release|iPhone.Build.0 = Release|Any CPU
		{510D063D-E6A2-415F-9326-8B59618C0A09}.Release|iPhone.Deploy.0 = Release|Any CPU
		{510D063D-E6A2-415F-9326-8B59618C0A09}.Release|iPhoneSimulator.ActiveCfg = Release|Any CPU
		{510D063D-E6A2-415F-9326-8B59618C0A09}.Release|iPhoneSimulator.Build.0 = Release|Any CPU
		{510D063D-E6A2-415F-9326-8B59618C0A09}.Release|iPhoneSimulator.Deploy.0 = Release|Any CPU
		{7DB7EA8E-7611-45C5-8D8A-B05F3F1244DD}.Debug|Any CPU.ActiveCfg = Debug|iPhone
		{7DB7EA8E-7611-45C5-8D8A-B05F3F1244DD}.Debug|Any CPU.Build.0 = Debug|iPhone
		{7DB7EA8E-7611-45C5-8D8A-B05F3F1244DD}.Debug|Any CPU.Deploy.0 = Debug|iPhone
		{7DB7EA8E-7611-45C5-8D8A-B05F3F1244DD}.Debug|iPhone.ActiveCfg = Debug|iPhone
		{7DB7EA8E-7611-45C5-8D8A-B05F3F1244DD}.Debug|iPhone.Build.0 = Debug|iPhone
		{7DB7EA8E-7611-45C5-8D8A-B05F3F1244DD}.Debug|iPhone.Deploy.0 = Debug|iPhone
		{7DB7EA8E-7611-45C5-8D8A-B05F3F1244DD}.Debug|iPhoneSimulator.ActiveCfg = Debug|iPhoneSimulator
		{7DB7EA8E-7611-45C5-8D8A-B05F3F1244DD}.Debug|iPhoneSimulator.Build.0 = Debug|iPhoneSimulator
		{7DB7EA8E-7611-45C5-8D8A-B05F3F1244DD}.Debug|iPhoneSimulator.Deploy.0 = Debug|iPhoneSimulator
		{7DB7EA8E-7611-45C5-8D8A-B05F3F1244DD}.Release|Any CPU.ActiveCfg = Release|iPhoneSimulator
		{7DB7EA8E-7611-45C5-8D8A-B05F3F1244DD}.Release|Any CPU.Build.0 = Release|iPhoneSimulator
		{7DB7EA8E-7611-45C5-8D8A-B05F3F1244DD}.Release|Any CPU.Deploy.0 = Release|iPhoneSimulator
		{7DB7EA8E-7611-45C5-8D8A-B05F3F1244DD}.Release|iPhone.ActiveCfg = Release|iPhone
		{7DB7EA8E-7611-45C5-8D8A-B05F3F1244DD}.Release|iPhone.Build.0 = Release|iPhone
		{7DB7EA8E-7611-45C5-8D8A-B05F3F1244DD}.Release|iPhone.Deploy.0 = Release|iPhone
		{7DB7EA8E-7611-45C5-8D8A-B05F3F1244DD}.Release|iPhoneSimulator.ActiveCfg = Release|iPhoneSimulator
		{7DB7EA8E-7611-45C5-8D8A-B05F3F1244DD}.Release|iPhoneSimulator.Build.0 = Release|iPhoneSimulator
		{7DB7EA8E-7611-45C5-8D8A-B05F3F1244DD}.Release|iPhoneSimulator.Deploy.0 = Release|iPhoneSimulator
		{FF6D7F05-497B-4AD6-95C4-D826052D1E1D}.Debug|Any CPU.ActiveCfg = Debug|Any CPU
		{FF6D7F05-497B-4AD6-95C4-D826052D1E1D}.Debug|Any CPU.Build.0 = Debug|Any CPU
		{FF6D7F05-497B-4AD6-95C4-D826052D1E1D}.Debug|Any CPU.Deploy.0 = Debug|Any CPU
		{FF6D7F05-497B-4AD6-95C4-D826052D1E1D}.Debug|iPhone.ActiveCfg = Debug|Any CPU
		{FF6D7F05-497B-4AD6-95C4-D826052D1E1D}.Debug|iPhone.Build.0 = Debug|Any CPU
		{FF6D7F05-497B-4AD6-95C4-D826052D1E1D}.Debug|iPhone.Deploy.0 = Debug|Any CPU
		{FF6D7F05-497B-4AD6-95C4-D826052D1E1D}.Debug|iPhoneSimulator.ActiveCfg = Debug|Any CPU
		{FF6D7F05-497B-4AD6-95C4-D826052D1E1D}.Debug|iPhoneSimulator.Build.0 = Debug|Any CPU
		{FF6D7F05-497B-4AD6-95C4-D826052D1E1D}.Debug|iPhoneSimulator.Deploy.0 = Debug|Any CPU
		{FF6D7F05-497B-4AD6-95C4-D826052D1E1D}.Release|Any CPU.ActiveCfg = Release|Any CPU
		{FF6D7F05-497B-4AD6-95C4-D826052D1E1D}.Release|Any CPU.Build.0 = Release|Any CPU
		{FF6D7F05-497B-4AD6-95C4-D826052D1E1D}.Release|Any CPU.Deploy.0 = Release|Any CPU
		{FF6D7F05-497B-4AD6-95C4-D826052D1E1D}.Release|iPhone.ActiveCfg = Release|Any CPU
		{FF6D7F05-497B-4AD6-95C4-D826052D1E1D}.Release|iPhone.Build.0 = Release|Any CPU
		{FF6D7F05-497B-4AD6-95C4-D826052D1E1D}.Release|iPhone.Deploy.0 = Release|Any CPU
		{FF6D7F05-497B-4AD6-95C4-D826052D1E1D}.Release|iPhoneSimulator.ActiveCfg = Release|Any CPU
		{FF6D7F05-497B-4AD6-95C4-D826052D1E1D}.Release|iPhoneSimulator.Build.0 = Release|Any CPU
		{FF6D7F05-497B-4AD6-95C4-D826052D1E1D}.Release|iPhoneSimulator.Deploy.0 = Release|Any CPU
	EndGlobalSection
	GlobalSection(SolutionProperties) = preSolution
		HideSolutionNode = FALSE
	EndGlobalSection
	GlobalSection(ExtensibilityGlobals) = postSolution
		SolutionGuid = {54BA5328-6D3F-4BA2-9388-8F2EE2BFDFF7}
	EndGlobalSection
EndGlobal
